
Microsoft Visual Studio Solution File, Format Version 12.00
# Visual Studio 15
VisualStudioVersion = 15.0.27004.2009
MinimumVisualStudioVersion = 10.0.40219.1
Project("{FAE04EC0-301F-11D3-BF4B-00C04F79EFBC}") = "Ung_dung", "Ung_dung\Ung_dung.csproj", "{D77B24DE-1FF0-4D8C-8B88-4A547ABEE95F}"
EndProject
Global
	GlobalSection(SolutionConfigurationPlatforms) = preSolution
		Debug|Any CPU = Debug|Any CPU
		Release|Any CPU = Release|Any CPU
	EndGlobalSection
	GlobalSection(ProjectConfigurationPlatforms) = postSolution
		{D77B24DE-1FF0-4D8C-8B88-4A547ABEE95F}.Debug|Any CPU.ActiveCfg = Debug|Any CPU
		{D77B24DE-1FF0-4D8C-8B88-4A547ABEE95F}.Debug|Any CPU.Build.0 = Debug|Any CPU
		{D77B24DE-1FF0-4D8C-8B88-4A547ABEE95F}.Release|Any CPU.ActiveCfg = Release|Any CPU
		{D77B24DE-1FF0-4D8C-8B88-4A547ABEE95F}.Release|Any CPU.Build.0 = Release|Any CPU
	EndGlobalSection
	GlobalSection(SolutionProperties) = preSolution
		HideSolutionNode = FALSE
	EndGlobalSection
	GlobalSection(ExtensibilityGlobals) = postSolution
		SolutionGuid = {EB0A2149-6FD5-4727-8F75-56837B72B9BA}
	EndGlobalSection
EndGlobal
